
Microsoft Visual Studio Solution File, Format Version 12.00
# Visual Studio 14
VisualStudioVersion = 14.0.25420.1
MinimumVisualStudioVersion = 10.0.40219.1
Project("{FAE04EC0-301F-11D3-BF4B-00C04F79EFBC}") = "Clase3Git", "Clase3Git\Clase3Git.csproj", "{787FE93A-2772-4967-B985-B98B5CE2FDAB}"
EndProject
Global
	GlobalSection(SolutionConfigurationPlatforms) = preSolution
		Debug|Any CPU = Debug|Any CPU
		Release|Any CPU = Release|Any CPU
	EndGlobalSection
	GlobalSection(ProjectConfigurationPlatforms) = postSolution
		{787FE93A-2772-4967-B985-B98B5CE2FDAB}.Debug|Any CPU.ActiveCfg = Debug|Any CPU
		{787FE93A-2772-4967-B985-B98B5CE2FDAB}.Debug|Any CPU.Build.0 = Debug|Any CPU
		{787FE93A-2772-4967-B985-B98B5CE2FDAB}.Release|Any CPU.ActiveCfg = Release|Any CPU
		{787FE93A-2772-4967-B985-B98B5CE2FDAB}.Release|Any CPU.Build.0 = Release|Any CPU
	EndGlobalSection
	GlobalSection(SolutionProperties) = preSolution
		HideSolutionNode = FALSE
	EndGlobalSection
EndGlobal
